<?xml version="1.0" encoding="utf-8"?>
<Project ToolsVersion="4.0" xmlns="http://schemas.microsoft.com/developer/msbuild/2003">
  <ItemGroup>
    <Filter Include="Source Files">
      <UniqueIdentifier>{4FC737F1-C7A5-4376-A066-2A32D752A2FF}</UniqueIdentifier>
      <Extensions>cpp;c;cc;cxx;def;odl;idl;hpj;bat;asm;asmx</Extensions>
    </Filter>
    <Filter Include="Header Files">
      <UniqueIdentifier>{93995380-89BD-4b04-88EB-625FBE52EBFB}</UniqueIdentifier>
      <Extensions>h;hh;hpp;hxx;hm;inl;inc;xsd</Extensions>
    </Filter>
    <Filter Include="Resource Files">
      <UniqueIdentifier>{67DA6AB6-F800-4c08-8B7A-83BB121AAD01}</UniqueIdentifier>
      <Extensions>rc;ico;cur;bmp;dlg;rc2;rct;bin;rgs;gif;jpg;jpeg;jpe;resx;tiff;tif;png;wav;mfcribbon-ms</Extensions>
    </Filter>
    <Filter Include="Shaders">
      <UniqueIdentifier>{7a0650f8-f70a-4dc0-865a-7c3cd1d3db59}</UniqueIdentifier>
    </Filter>
    <Filter Include="External">
      <UniqueIdentifier>{0bb71fba-b0e3-49ca-982a-2892338d7566}</UniqueIdentifier>
    </Filter>
  </ItemGroup>
  <ItemGroup>
    <ClInclude Include="stdafx.h">
      <Filter>Header Files</Filter>
    </ClInclude>
    <ClInclude Include="targetver.h">
      <Filter>Header Files</Filter>
    </ClInclude>
    <ClInclude Include="Resource.h">
      <Filter>Header Files</Filter>
    </ClInclude>
    <ClInclude Include="Test0.h">
      <Filter>Header Files</Filter>
    </ClInclude>
    <ClInclude Include="..\Vk\Vk.h">
      <Filter>Header Files</Filter>
    </ClInclude>
    <ClInclude Include="..\Vk\VkMem.h">
      <Filter>Header Files</Filter>
    </ClInclude>
    <ClInclude Include="..\Vk\VkResources.h">
      <Filter>Header Files</Filter>
    </ClInclude>
    <ClInclude Include="..\Utils\Util.h">
      <Filter>Header Files</Filter>
    </ClInclude>
    <ClInclude Include="..\Meshes\ObjLoader.h">
      <Filter>Header Files</Filter>
    </ClInclude>
    <ClInclude Include="..\Vk\VkDevice.h">
      <Filter>Header Files</Filter>
    </ClInclude>
    <ClInclude Include="..\Vk\VkObj.h">
      <Filter>Header Files</Filter>
    </ClInclude>
    <ClInclude Include="..\Utils\Shaders.h">
      <Filter>Header Files</Filter>
    </ClInclude>
    <ClInclude Include="..\Utils\stb_image.h">
      <Filter>External</Filter>
    </ClInclude>
    <ClInclude Include="..\Meshes\tiny_obj_loader.h">
      <Filter>External</Filter>
    </ClInclude>
  </ItemGroup>
  <ItemGroup>
    <ClCompile Include="stdafx.cpp">
      <Filter>Source Files</Filter>
    </ClCompile>
    <ClCompile Include="Test0.cpp">
      <Filter>Source Files</Filter>
    </ClCompile>
    <ClCompile Include="..\Vk\Vk.cpp">
      <Filter>Source Files</Filter>
    </ClCompile>
    <ClCompile Include="..\Meshes\ObjLoader.cpp">
      <Filter>Source Files</Filter>
    </ClCompile>
    <ClCompile Include="..\Vk\VkDevice.cpp">
      <Filter>Source Files</Filter>
    </ClCompile>
    <ClCompile Include="..\Vk\VkObj.cpp">
      <Filter>Source Files</Filter>
    </ClCompile>
    <ClCompile Include="..\..\SPIRV-Cross\spirv_cross.cpp">
      <Filter>External</Filter>
    </ClCompile>
    <ClCompile Include="..\..\SPIRV-Cross\spirv_cfg.cpp">
      <Filter>External</Filter>
    </ClCompile>
  </ItemGroup>
  <ItemGroup>
    <ResourceCompile Include="Test0.rc">
      <Filter>Resource Files</Filter>
    </ResourceCompile>
  </ItemGroup>
  <ItemGroup>
    <Image Include="small.ico">
      <Filter>Resource Files</Filter>
    </Image>
    <Image Include="Test0.ico">
      <Filter>Resource Files</Filter>
    </Image>
  </ItemGroup>
  <ItemGroup>
    <None Include="..\Shaders\CreateFloor.comp">
      <Filter>Shaders</Filter>
    </None>
    <None Include="..\Shaders\FillTexture.comp">
      <Filter>Shaders</Filter>
    </None>
    <None Include="..\Shaders\Test0.comp">
      <Filter>Shaders</Filter>
    </None>
    <None Include="..\Shaders\Test0.frag">
      <Filter>Shaders</Filter>
    </None>
    <None Include="..\Shaders\Test0.vert">
      <Filter>Shaders</Filter>
    </None>
    <None Include="..\Shaders\TestPost.comp">
      <Filter>Shaders</Filter>
    </None>
    <None Include="..\Shaders\PostVS.vert">
      <Filter>Shaders</Filter>
    </None>
    <None Include="..\Shaders\BuildShaders.bat">
      <Filter>Shaders</Filter>
    </None>
    <None Include="Script.ini" />
  </ItemGroup>
</Project>